
Microsoft Visual Studio Solution File, Format Version 12.00
# Visual Studio Version 17
VisualStudioVersion = 17.9.34701.34
MinimumVisualStudioVersion = 10.0.40219.1
Project("{FAE04EC0-301F-11D3-BF4B-00C04F79EFBC}") = "LoginOrnek", "LoginOrnek\LoginOrnek.csproj", "{4E73F191-C244-4679-B6B3-B0C1E98E8C89}"
EndProject
Global
	GlobalSection(SolutionConfigurationPlatforms) = preSolution
		Debug|Any CPU = Debug|Any CPU
		Release|Any CPU = Release|Any CPU
	EndGlobalSection
	GlobalSection(ProjectConfigurationPlatforms) = postSolution
		{4E73F191-C244-4679-B6B3-B0C1E98E8C89}.Debug|Any CPU.ActiveCfg = Debug|Any CPU
		{4E73F191-C244-4679-B6B3-B0C1E98E8C89}.Debug|Any CPU.Build.0 = Debug|Any CPU
		{4E73F191-C244-4679-B6B3-B0C1E98E8C89}.Release|Any CPU.ActiveCfg = Release|Any CPU
		{4E73F191-C244-4679-B6B3-B0C1E98E8C89}.Release|Any CPU.Build.0 = Release|Any CPU
	EndGlobalSection
	GlobalSection(SolutionProperties) = preSolution
		HideSolutionNode = FALSE
	EndGlobalSection
	GlobalSection(ExtensibilityGlobals) = postSolution
		SolutionGuid = {D7D4FB24-A646-46F6-BB83-E850F5E46E48}
	EndGlobalSection
EndGlobal
